
Microsoft Visual Studio Solution File, Format Version 12.00
# Visual Studio Version 17
VisualStudioVersion = 17.14.36623.8
MinimumVisualStudioVersion = 10.0.40219.1
Project("{FAE04EC0-301F-11D3-BF4B-00C04F79EFBC}") = "PlatformA.Library", "PlatformA.Library\PlatformA.Library.csproj", "{8BFB99A5-F117-4807-8B10-A39A85445798}"
EndProject
Project("{FAE04EC0-301F-11D3-BF4B-00C04F79EFBC}") = "PlatformA.Auth.API", "PlatformA.Auth.API\PlatformA.Auth.API.csproj", "{95E67214-94CE-4943-8947-3E1F2DF001E5}"
EndProject
Project("{FAE04EC0-301F-11D3-BF4B-00C04F79EFBC}") = "PlatformA.Utils.API", "PlatformA.Utils.API\PlatformA.Utils.API.csproj", "{4F15A987-BAA3-4235-ACB3-091930BFFF82}"
EndProject
Project("{FAE04EC0-301F-11D3-BF4B-00C04F79EFBC}") = "PlatformA.Matching.API", "PlatformA.Matching.API\PlatformA.Matching.API.csproj", "{A4BE0ED6-27AF-466F-967C-F71954358293}"
EndProject
Project("{FAE04EC0-301F-11D3-BF4B-00C04F79EFBC}") = "PlatformA.Ticketing.API", "PlatformA.Ticketing.API\PlatformA.Ticketing.API.csproj", "{910625FB-C912-4F89-872D-524C732DA36F}"
EndProject
Project("{FAE04EC0-301F-11D3-BF4B-00C04F79EFBC}") = "PlatformA.Game.Server", "PlatformA.Game.Server\PlatformA.Game.Server.csproj", "{2BAC2F74-DF10-4206-85BB-39927CE711B1}"
EndProject
Project("{FAE04EC0-301F-11D3-BF4B-00C04F79EFBC}") = "PlatformA.Game.DummyClient", "PlatformA.Game.DummyClient\PlatformA.Game.DummyClient.csproj", "{B83F9CFE-DB8E-40AD-9DB5-15ADA1E42561}"
EndProject
Project("{FAE04EC0-301F-11D3-BF4B-00C04F79EFBC}") = "PlatformA.MySqlDB.Lib", "PlatformA.MySqlDB.Lib\PlatformA.MySqlDB.Lib.csproj", "{7379284D-759C-45B1-996E-743BC669F48E}"
EndProject
Project("{FAE04EC0-301F-11D3-BF4B-00C04F79EFBC}") = "PlatformA.Tests.Utils.API", "PlatformA.Tests.Utils.API\PlatformA.Tests.Utils.API.csproj", "{2F0A8828-8A57-473B-A1D4-51111B70D8A0}"
EndProject
Project("{FAE04EC0-301F-11D3-BF4B-00C04F79EFBC}") = "PlatformA.Tests.Auth.API", "PlatformA.Tests.Auth.API\PlatformA.Tests.Auth.API.csproj", "{A1B2C3D4-E5F6-7890-ABCD-EF1234567890}"
EndProject
Project("{2150E333-8FDC-42A3-9474-1A3956D46DE8}") = "UnitTests", "UnitTests", "{B4B0C034-CC92-44D7-9D0E-CA7583C7970F}"
EndProject
Project("{FAE04EC0-301F-11D3-BF4B-00C04F79EFBC}") = "PlatformA.Tests.Game.Server", "PlatformA.Tests.Game.Server\PlatformA.Tests.Game.Server.csproj", "{EBBCFE79-6F69-4C1F-8B35-1C08CDADA21A}"
EndProject
Global
	GlobalSection(SolutionConfigurationPlatforms) = preSolution
		Debug|Any CPU = Debug|Any CPU
		Release|Any CPU = Release|Any CPU
	EndGlobalSection
	GlobalSection(ProjectConfigurationPlatforms) = postSolution
		{8BFB99A5-F117-4807-8B10-A39A85445798}.Debug|Any CPU.ActiveCfg = Debug|Any CPU
		{8BFB99A5-F117-4807-8B10-A39A85445798}.Debug|Any CPU.Build.0 = Debug|Any CPU
		{8BFB99A5-F117-4807-8B10-A39A85445798}.Release|Any CPU.ActiveCfg = Release|Any CPU
		{8BFB99A5-F117-4807-8B10-A39A85445798}.Release|Any CPU.Build.0 = Release|Any CPU
		{95E67214-94CE-4943-8947-3E1F2DF001E5}.Debug|Any CPU.ActiveCfg = Debug|Any CPU
		{95E67214-94CE-4943-8947-3E1F2DF001E5}.Debug|Any CPU.Build.0 = Debug|Any CPU
		{95E67214-94CE-4943-8947-3E1F2DF001E5}.Release|Any CPU.ActiveCfg = Release|Any CPU
		{95E67214-94CE-4943-8947-3E1F2DF001E5}.Release|Any CPU.Build.0 = Release|Any CPU
		{4F15A987-BAA3-4235-ACB3-091930BFFF82}.Debug|Any CPU.ActiveCfg = Debug|Any CPU
		{4F15A987-BAA3-4235-ACB3-091930BFFF82}.Debug|Any CPU.Build.0 = Debug|Any CPU
		{4F15A987-BAA3-4235-ACB3-091930BFFF82}.Release|Any CPU.ActiveCfg = Release|Any CPU
		{4F15A987-BAA3-4235-ACB3-091930BFFF82}.Release|Any CPU.Build.0 = Release|Any CPU
		{A4BE0ED6-27AF-466F-967C-F71954358293}.Debug|Any CPU.ActiveCfg = Debug|Any CPU
		{A4BE0ED6-27AF-466F-967C-F71954358293}.Debug|Any CPU.Build.0 = Debug|Any CPU
		{A4BE0ED6-27AF-466F-967C-F71954358293}.Release|Any CPU.ActiveCfg = Release|Any CPU
		{A4BE0ED6-27AF-466F-967C-F71954358293}.Release|Any CPU.Build.0 = Release|Any CPU
		{910625FB-C912-4F89-872D-524C732DA36F}.Debug|Any CPU.ActiveCfg = Debug|Any CPU
		{910625FB-C912-4F89-872D-524C732DA36F}.Debug|Any CPU.Build.0 = Debug|Any CPU
		{910625FB-C912-4F89-872D-524C732DA36F}.Release|Any CPU.ActiveCfg = Release|Any CPU
		{910625FB-C912-4F89-872D-524C732DA36F}.Release|Any CPU.Build.0 = Release|Any CPU
		{2BAC2F74-DF10-4206-85BB-39927CE711B1}.Debug|Any CPU.ActiveCfg = Debug|Any CPU
		{2BAC2F74-DF10-4206-85BB-39927CE711B1}.Debug|Any CPU.Build.0 = Debug|Any CPU
		{2BAC2F74-DF10-4206-85BB-39927CE711B1}.Release|Any CPU.ActiveCfg = Release|Any CPU
		{2BAC2F74-DF10-4206-85BB-39927CE711B1}.Release|Any CPU.Build.0 = Release|Any CPU
		{B83F9CFE-DB8E-40AD-9DB5-15ADA1E42561}.Debug|Any CPU.ActiveCfg = Debug|Any CPU
		{B83F9CFE-DB8E-40AD-9DB5-15ADA1E42561}.Debug|Any CPU.Build.0 = Debug|Any CPU
		{B83F9CFE-DB8E-40AD-9DB5-15ADA1E42561}.Release|Any CPU.ActiveCfg = Release|Any CPU
		{B83F9CFE-DB8E-40AD-9DB5-15ADA1E42561}.Release|Any CPU.Build.0 = Release|Any CPU
		{7379284D-759C-45B1-996E-743BC669F48E}.Debug|Any CPU.ActiveCfg = Debug|Any CPU
		{7379284D-759C-45B1-996E-743BC669F48E}.Debug|Any CPU.Build.0 = Debug|Any CPU
		{7379284D-759C-45B1-996E-743BC669F48E}.Release|Any CPU.ActiveCfg = Release|Any CPU
		{7379284D-759C-45B1-996E-743BC669F48E}.Release|Any CPU.Build.0 = Release|Any CPU
		{2F0A8828-8A57-473B-A1D4-51111B70D8A0}.Debug|Any CPU.ActiveCfg = Debug|Any CPU
		{2F0A8828-8A57-473B-A1D4-51111B70D8A0}.Debug|Any CPU.Build.0 = Debug|Any CPU
		{2F0A8828-8A57-473B-A1D4-51111B70D8A0}.Release|Any CPU.ActiveCfg = Release|Any CPU
		{2F0A8828-8A57-473B-A1D4-51111B70D8A0}.Release|Any CPU.Build.0 = Release|Any CPU
		{A1B2C3D4-E5F6-7890-ABCD-EF1234567890}.Debug|Any CPU.ActiveCfg = Debug|Any CPU
		{A1B2C3D4-E5F6-7890-ABCD-EF1234567890}.Debug|Any CPU.Build.0 = Debug|Any CPU
		{A1B2C3D4-E5F6-7890-ABCD-EF1234567890}.Release|Any CPU.ActiveCfg = Release|Any CPU
		{A1B2C3D4-E5F6-7890-ABCD-EF1234567890}.Release|Any CPU.Build.0 = Release|Any CPU
		{EBBCFE79-6F69-4C1F-8B35-1C08CDADA21A}.Debug|Any CPU.ActiveCfg = Debug|Any CPU
		{EBBCFE79-6F69-4C1F-8B35-1C08CDADA21A}.Debug|Any CPU.Build.0 = Debug|Any CPU
		{EBBCFE79-6F69-4C1F-8B35-1C08CDADA21A}.Release|Any CPU.ActiveCfg = Release|Any CPU
		{EBBCFE79-6F69-4C1F-8B35-1C08CDADA21A}.Release|Any CPU.Build.0 = Release|Any CPU
	EndGlobalSection
	GlobalSection(SolutionProperties) = preSolution
		HideSolutionNode = FALSE
	EndGlobalSection
	GlobalSection(NestedProjects) = preSolution
		{2F0A8828-8A57-473B-A1D4-51111B70D8A0} = {B4B0C034-CC92-44D7-9D0E-CA7583C7970F}
		{A1B2C3D4-E5F6-7890-ABCD-EF1234567890} = {B4B0C034-CC92-44D7-9D0E-CA7583C7970F}
		{EBBCFE79-6F69-4C1F-8B35-1C08CDADA21A} = {B4B0C034-CC92-44D7-9D0E-CA7583C7970F}
	EndGlobalSection
	GlobalSection(ExtensibilityGlobals) = postSolution
		SolutionGuid = {E80598A0-3596-4CD2-9116-D7729041229E}
	EndGlobalSection
EndGlobal
