
Microsoft Visual Studio Solution File, Format Version 12.00
# Visual Studio Version 17
VisualStudioVersion = 17.14.36623.8
MinimumVisualStudioVersion = 10.0.40219.1
Project("{FAE04EC0-301F-11D3-BF4B-00C04F79EFBC}") = "PlatformA.Library", "PlatformA.Library\PlatformA.Library.csproj", "{8BFB99A5-F117-4807-8B10-A39A85445798}"
EndProject
Project("{FAE04EC0-301F-11D3-BF4B-00C04F79EFBC}") = "PlatformA.Auth.API", "PlatformA.Auth.API\PlatformA.Auth.API.csproj", "{95E67214-94CE-4943-8947-3E1F2DF001E5}"
EndProject
Project("{FAE04EC0-301F-11D3-BF4B-00C04F79EFBC}") = "PlatformA.Utils.API", "PlatformA.Utils.API\PlatformA.Utils.API.csproj", "{4F15A987-BAA3-4235-ACB3-091930BFFF82}"
EndProject
Project("{FAE04EC0-301F-11D3-BF4B-00C04F79EFBC}") = "PlatformA.Matching.API", "PlatformA.Matching.API\PlatformA.Matching.API.csproj", "{A4BE0ED6-27AF-466F-967C-F71954358293}"
EndProject
Project("{FAE04EC0-301F-11D3-BF4B-00C04F79EFBC}") = "PlatformA.Ticketing.API", "PlatformA.Ticketing.API\PlatformA.Ticketing.API.csproj", "{910625FB-C912-4F89-872D-524C732DA36F}"
EndProject
Project("{FAE04EC0-301F-11D3-BF4B-00C04F79EFBC}") = "PlatformA.Game.Lobby", "PlatformA.Game.Lobby\PlatformA.Game.Lobby.csproj", "{AE1219EB-F777-489F-84D1-A91782F57737}"
EndProject
Project("{FAE04EC0-301F-11D3-BF4B-00C04F79EFBC}") = "PlatformA.Game.DummyClient", "PlatformA.Game.DummyClient\PlatformA.Game.DummyClient.csproj", "{B83F9CFE-DB8E-40AD-9DB5-15ADA1E42561}"
EndProject
Project("{FAE04EC0-301F-11D3-BF4B-00C04F79EFBC}") = "PlatformA.MySqlDB.Lib", "PlatformA.MySqlDB.Lib\PlatformA.MySqlDB.Lib.csproj", "{7379284D-759C-45B1-996E-743BC669F48E}"
EndProject
Project("{FAE04EC0-301F-11D3-BF4B-00C04F79EFBC}") = "PlatformA.Tests.Utils.API", "PlatformA.Tests.Utils.API\PlatformA.Tests.Utils.API.csproj", "{2F0A8828-8A57-473B-A1D4-51111B70D8A0}"
EndProject
Project("{FAE04EC0-301F-11D3-BF4B-00C04F79EFBC}") = "PlatformA.Tests.Auth.API", "PlatformA.Tests.Auth.API\PlatformA.Tests.Auth.API.csproj", "{A1B2C3D4-E5F6-7890-ABCD-EF1234567890}"
EndProject
Project("{2150E333-8FDC-42A3-9474-1A3956D46DE8}") = "UnitTests", "UnitTests", "{B4B0C034-CC92-44D7-9D0E-CA7583C7970F}"
EndProject
Project("{FAE04EC0-301F-11D3-BF4B-00C04F79EFBC}") = "PlatformA.Tests.Game.Lobby", "PlatformA.Tests.Game.Lobby\PlatformA.Tests.Game.Lobby.csproj", "{86B7A350-A758-4E1A-A9E4-1D5ADC8323B3}"
EndProject
Project("{FAE04EC0-301F-11D3-BF4B-00C04F79EFBC}") = "PlatformA.Tests.Matching.API", "PlatformA.Tests.Matching.API\PlatformA.Tests.Matching.API.csproj", "{BF336877-E071-491A-82F5-6C98B4AFC047}"
EndProject
Project("{FAE04EC0-301F-11D3-BF4B-00C04F79EFBC}") = "PlatformA.Tests.Ticketing.API", "PlatformA.Tests.Ticketing.API\PlatformA.Tests.Ticketing.API.csproj", "{4DAD4445-CB2C-45E1-BC5D-A14E5E79351B}"
EndProject
Project("{FAE04EC0-301F-11D3-BF4B-00C04F79EFBC}") = "PlatformA.SdlcDB.Lib", "PlatformA.SdlcDB.Lib\PlatformA.SdlcDB.Lib.csproj", "{CD44B681-0C3C-4E7C-BFD0-9E403149BE51}"
EndProject
Project("{FAE04EC0-301F-11D3-BF4B-00C04F79EFBC}") = "PlatformA.Library.Game", "PlatformA.Library.Game\PlatformA.Library.Game.csproj", "{CF886210-5FCC-4FEE-8364-97EC287FD851}"
EndProject
Project("{FAE04EC0-301F-11D3-BF4B-00C04F79EFBC}") = "PlatformA.Game.Gomoku", "PlatformA.Game.Gomoku\PlatformA.Game.Gomoku.csproj", "{6F4E5B98-0176-4629-A54D-14EA1EE0CD1B}"
EndProject
Project("{FAE04EC0-301F-11D3-BF4B-00C04F79EFBC}") = "PlatformA.Tests.Game.Gomoku", "PlatformA.Tests.Game.Gomoku\PlatformA.Tests.Game.Gomoku.csproj", "{8384B09F-C502-4AD3-8F3F-E960E0902D4E}"
EndProject
Global
	GlobalSection(SolutionConfigurationPlatforms) = preSolution
		Debug|Any CPU = Debug|Any CPU
		Debug|x64 = Debug|x64
		Debug|x86 = Debug|x86
		Release|Any CPU = Release|Any CPU
		Release|x64 = Release|x64
		Release|x86 = Release|x86
	EndGlobalSection
	GlobalSection(ProjectConfigurationPlatforms) = postSolution
		{8BFB99A5-F117-4807-8B10-A39A85445798}.Debug|Any CPU.ActiveCfg = Debug|Any CPU
		{8BFB99A5-F117-4807-8B10-A39A85445798}.Debug|Any CPU.Build.0 = Debug|Any CPU
		{8BFB99A5-F117-4807-8B10-A39A85445798}.Debug|x64.ActiveCfg = Debug|Any CPU
		{8BFB99A5-F117-4807-8B10-A39A85445798}.Debug|x64.Build.0 = Debug|Any CPU
		{8BFB99A5-F117-4807-8B10-A39A85445798}.Debug|x86.ActiveCfg = Debug|Any CPU
		{8BFB99A5-F117-4807-8B10-A39A85445798}.Debug|x86.Build.0 = Debug|Any CPU
		{8BFB99A5-F117-4807-8B10-A39A85445798}.Release|Any CPU.ActiveCfg = Release|Any CPU
		{8BFB99A5-F117-4807-8B10-A39A85445798}.Release|Any CPU.Build.0 = Release|Any CPU
		{8BFB99A5-F117-4807-8B10-A39A85445798}.Release|x64.ActiveCfg = Release|Any CPU
		{8BFB99A5-F117-4807-8B10-A39A85445798}.Release|x64.Build.0 = Release|Any CPU
		{8BFB99A5-F117-4807-8B10-A39A85445798}.Release|x86.ActiveCfg = Release|Any CPU
		{8BFB99A5-F117-4807-8B10-A39A85445798}.Release|x86.Build.0 = Release|Any CPU
		{95E67214-94CE-4943-8947-3E1F2DF001E5}.Debug|Any CPU.ActiveCfg = Debug|Any CPU
		{95E67214-94CE-4943-8947-3E1F2DF001E5}.Debug|Any CPU.Build.0 = Debug|Any CPU
		{95E67214-94CE-4943-8947-3E1F2DF001E5}.Debug|x64.ActiveCfg = Debug|Any CPU
		{95E67214-94CE-4943-8947-3E1F2DF001E5}.Debug|x64.Build.0 = Debug|Any CPU
		{95E67214-94CE-4943-8947-3E1F2DF001E5}.Debug|x86.ActiveCfg = Debug|Any CPU
		{95E67214-94CE-4943-8947-3E1F2DF001E5}.Debug|x86.Build.0 = Debug|Any CPU
		{95E67214-94CE-4943-8947-3E1F2DF001E5}.Release|Any CPU.ActiveCfg = Release|Any CPU
		{95E67214-94CE-4943-8947-3E1F2DF001E5}.Release|Any CPU.Build.0 = Release|Any CPU
		{95E67214-94CE-4943-8947-3E1F2DF001E5}.Release|x64.ActiveCfg = Release|Any CPU
		{95E67214-94CE-4943-8947-3E1F2DF001E5}.Release|x64.Build.0 = Release|Any CPU
		{95E67214-94CE-4943-8947-3E1F2DF001E5}.Release|x86.ActiveCfg = Release|Any CPU
		{95E67214-94CE-4943-8947-3E1F2DF001E5}.Release|x86.Build.0 = Release|Any CPU
		{4F15A987-BAA3-4235-ACB3-091930BFFF82}.Debug|Any CPU.ActiveCfg = Debug|Any CPU
		{4F15A987-BAA3-4235-ACB3-091930BFFF82}.Debug|Any CPU.Build.0 = Debug|Any CPU
		{4F15A987-BAA3-4235-ACB3-091930BFFF82}.Debug|x64.ActiveCfg = Debug|Any CPU
		{4F15A987-BAA3-4235-ACB3-091930BFFF82}.Debug|x64.Build.0 = Debug|Any CPU
		{4F15A987-BAA3-4235-ACB3-091930BFFF82}.Debug|x86.ActiveCfg = Debug|Any CPU
		{4F15A987-BAA3-4235-ACB3-091930BFFF82}.Debug|x86.Build.0 = Debug|Any CPU
		{4F15A987-BAA3-4235-ACB3-091930BFFF82}.Release|Any CPU.ActiveCfg = Release|Any CPU
		{4F15A987-BAA3-4235-ACB3-091930BFFF82}.Release|Any CPU.Build.0 = Release|Any CPU
		{4F15A987-BAA3-4235-ACB3-091930BFFF82}.Release|x64.ActiveCfg = Release|Any CPU
		{4F15A987-BAA3-4235-ACB3-091930BFFF82}.Release|x64.Build.0 = Release|Any CPU
		{4F15A987-BAA3-4235-ACB3-091930BFFF82}.Release|x86.ActiveCfg = Release|Any CPU
		{4F15A987-BAA3-4235-ACB3-091930BFFF82}.Release|x86.Build.0 = Release|Any CPU
		{A4BE0ED6-27AF-466F-967C-F71954358293}.Debug|Any CPU.ActiveCfg = Debug|Any CPU
		{A4BE0ED6-27AF-466F-967C-F71954358293}.Debug|Any CPU.Build.0 = Debug|Any CPU
		{A4BE0ED6-27AF-466F-967C-F71954358293}.Debug|x64.ActiveCfg = Debug|Any CPU
		{A4BE0ED6-27AF-466F-967C-F71954358293}.Debug|x64.Build.0 = Debug|Any CPU
		{A4BE0ED6-27AF-466F-967C-F71954358293}.Debug|x86.ActiveCfg = Debug|Any CPU
		{A4BE0ED6-27AF-466F-967C-F71954358293}.Debug|x86.Build.0 = Debug|Any CPU
		{A4BE0ED6-27AF-466F-967C-F71954358293}.Release|Any CPU.ActiveCfg = Release|Any CPU
		{A4BE0ED6-27AF-466F-967C-F71954358293}.Release|Any CPU.Build.0 = Release|Any CPU
		{A4BE0ED6-27AF-466F-967C-F71954358293}.Release|x64.ActiveCfg = Release|Any CPU
		{A4BE0ED6-27AF-466F-967C-F71954358293}.Release|x64.Build.0 = Release|Any CPU
		{A4BE0ED6-27AF-466F-967C-F71954358293}.Release|x86.ActiveCfg = Release|Any CPU
		{A4BE0ED6-27AF-466F-967C-F71954358293}.Release|x86.Build.0 = Release|Any CPU
		{910625FB-C912-4F89-872D-524C732DA36F}.Debug|Any CPU.ActiveCfg = Debug|Any CPU
		{910625FB-C912-4F89-872D-524C732DA36F}.Debug|Any CPU.Build.0 = Debug|Any CPU
		{910625FB-C912-4F89-872D-524C732DA36F}.Debug|x64.ActiveCfg = Debug|Any CPU
		{910625FB-C912-4F89-872D-524C732DA36F}.Debug|x64.Build.0 = Debug|Any CPU
		{910625FB-C912-4F89-872D-524C732DA36F}.Debug|x86.ActiveCfg = Debug|Any CPU
		{910625FB-C912-4F89-872D-524C732DA36F}.Debug|x86.Build.0 = Debug|Any CPU
		{910625FB-C912-4F89-872D-524C732DA36F}.Release|Any CPU.ActiveCfg = Release|Any CPU
		{910625FB-C912-4F89-872D-524C732DA36F}.Release|Any CPU.Build.0 = Release|Any CPU
		{910625FB-C912-4F89-872D-524C732DA36F}.Release|x64.ActiveCfg = Release|Any CPU
		{910625FB-C912-4F89-872D-524C732DA36F}.Release|x64.Build.0 = Release|Any CPU
		{910625FB-C912-4F89-872D-524C732DA36F}.Release|x86.ActiveCfg = Release|Any CPU
		{910625FB-C912-4F89-872D-524C732DA36F}.Release|x86.Build.0 = Release|Any CPU
		{AE1219EB-F777-489F-84D1-A91782F57737}.Debug|Any CPU.ActiveCfg = Debug|Any CPU
		{AE1219EB-F777-489F-84D1-A91782F57737}.Debug|Any CPU.Build.0 = Debug|Any CPU
		{AE1219EB-F777-489F-84D1-A91782F57737}.Debug|x64.ActiveCfg = Debug|Any CPU
		{AE1219EB-F777-489F-84D1-A91782F57737}.Debug|x64.Build.0 = Debug|Any CPU
		{AE1219EB-F777-489F-84D1-A91782F57737}.Debug|x86.ActiveCfg = Debug|Any CPU
		{AE1219EB-F777-489F-84D1-A91782F57737}.Debug|x86.Build.0 = Debug|Any CPU
		{AE1219EB-F777-489F-84D1-A91782F57737}.Release|Any CPU.ActiveCfg = Release|Any CPU
		{AE1219EB-F777-489F-84D1-A91782F57737}.Release|Any CPU.Build.0 = Release|Any CPU
		{AE1219EB-F777-489F-84D1-A91782F57737}.Release|x64.ActiveCfg = Release|Any CPU
		{AE1219EB-F777-489F-84D1-A91782F57737}.Release|x64.Build.0 = Release|Any CPU
		{AE1219EB-F777-489F-84D1-A91782F57737}.Release|x86.ActiveCfg = Release|Any CPU
		{AE1219EB-F777-489F-84D1-A91782F57737}.Release|x86.Build.0 = Release|Any CPU
		{B83F9CFE-DB8E-40AD-9DB5-15ADA1E42561}.Debug|Any CPU.ActiveCfg = Debug|Any CPU
		{B83F9CFE-DB8E-40AD-9DB5-15ADA1E42561}.Debug|Any CPU.Build.0 = Debug|Any CPU
		{B83F9CFE-DB8E-40AD-9DB5-15ADA1E42561}.Debug|x64.ActiveCfg = Debug|Any CPU
		{B83F9CFE-DB8E-40AD-9DB5-15ADA1E42561}.Debug|x64.Build.0 = Debug|Any CPU
		{B83F9CFE-DB8E-40AD-9DB5-15ADA1E42561}.Debug|x86.ActiveCfg = Debug|Any CPU
		{B83F9CFE-DB8E-40AD-9DB5-15ADA1E42561}.Debug|x86.Build.0 = Debug|Any CPU
		{B83F9CFE-DB8E-40AD-9DB5-15ADA1E42561}.Release|Any CPU.ActiveCfg = Release|Any CPU
		{B83F9CFE-DB8E-40AD-9DB5-15ADA1E42561}.Release|Any CPU.Build.0 = Release|Any CPU
		{B83F9CFE-DB8E-40AD-9DB5-15ADA1E42561}.Release|x64.ActiveCfg = Release|Any CPU
		{B83F9CFE-DB8E-40AD-9DB5-15ADA1E42561}.Release|x64.Build.0 = Release|Any CPU
		{B83F9CFE-DB8E-40AD-9DB5-15ADA1E42561}.Release|x86.ActiveCfg = Release|Any CPU
		{B83F9CFE-DB8E-40AD-9DB5-15ADA1E42561}.Release|x86.Build.0 = Release|Any CPU
		{7379284D-759C-45B1-996E-743BC669F48E}.Debug|Any CPU.ActiveCfg = Debug|Any CPU
		{7379284D-759C-45B1-996E-743BC669F48E}.Debug|Any CPU.Build.0 = Debug|Any CPU
		{7379284D-759C-45B1-996E-743BC669F48E}.Debug|x64.ActiveCfg = Debug|Any CPU
		{7379284D-759C-45B1-996E-743BC669F48E}.Debug|x64.Build.0 = Debug|Any CPU
		{7379284D-759C-45B1-996E-743BC669F48E}.Debug|x86.ActiveCfg = Debug|Any CPU
		{7379284D-759C-45B1-996E-743BC669F48E}.Debug|x86.Build.0 = Debug|Any CPU
		{7379284D-759C-45B1-996E-743BC669F48E}.Release|Any CPU.ActiveCfg = Release|Any CPU
		{7379284D-759C-45B1-996E-743BC669F48E}.Release|Any CPU.Build.0 = Release|Any CPU
		{7379284D-759C-45B1-996E-743BC669F48E}.Release|x64.ActiveCfg = Release|Any CPU
		{7379284D-759C-45B1-996E-743BC669F48E}.Release|x64.Build.0 = Release|Any CPU
		{7379284D-759C-45B1-996E-743BC669F48E}.Release|x86.ActiveCfg = Release|Any CPU
		{7379284D-759C-45B1-996E-743BC669F48E}.Release|x86.Build.0 = Release|Any CPU
		{2F0A8828-8A57-473B-A1D4-51111B70D8A0}.Debug|Any CPU.ActiveCfg = Debug|Any CPU
		{2F0A8828-8A57-473B-A1D4-51111B70D8A0}.Debug|Any CPU.Build.0 = Debug|Any CPU
		{2F0A8828-8A57-473B-A1D4-51111B70D8A0}.Debug|x64.ActiveCfg = Debug|Any CPU
		{2F0A8828-8A57-473B-A1D4-51111B70D8A0}.Debug|x64.Build.0 = Debug|Any CPU
		{2F0A8828-8A57-473B-A1D4-51111B70D8A0}.Debug|x86.ActiveCfg = Debug|Any CPU
		{2F0A8828-8A57-473B-A1D4-51111B70D8A0}.Debug|x86.Build.0 = Debug|Any CPU
		{2F0A8828-8A57-473B-A1D4-51111B70D8A0}.Release|Any CPU.ActiveCfg = Release|Any CPU
		{2F0A8828-8A57-473B-A1D4-51111B70D8A0}.Release|Any CPU.Build.0 = Release|Any CPU
		{2F0A8828-8A57-473B-A1D4-51111B70D8A0}.Release|x64.ActiveCfg = Release|Any CPU
		{2F0A8828-8A57-473B-A1D4-51111B70D8A0}.Release|x64.Build.0 = Release|Any CPU
		{2F0A8828-8A57-473B-A1D4-51111B70D8A0}.Release|x86.ActiveCfg = Release|Any CPU
		{2F0A8828-8A57-473B-A1D4-51111B70D8A0}.Release|x86.Build.0 = Release|Any CPU
		{A1B2C3D4-E5F6-7890-ABCD-EF1234567890}.Debug|Any CPU.ActiveCfg = Debug|Any CPU
		{A1B2C3D4-E5F6-7890-ABCD-EF1234567890}.Debug|Any CPU.Build.0 = Debug|Any CPU
		{A1B2C3D4-E5F6-7890-ABCD-EF1234567890}.Debug|x64.ActiveCfg = Debug|Any CPU
		{A1B2C3D4-E5F6-7890-ABCD-EF1234567890}.Debug|x64.Build.0 = Debug|Any CPU
		{A1B2C3D4-E5F6-7890-ABCD-EF1234567890}.Debug|x86.ActiveCfg = Debug|Any CPU
		{A1B2C3D4-E5F6-7890-ABCD-EF1234567890}.Debug|x86.Build.0 = Debug|Any CPU
		{A1B2C3D4-E5F6-7890-ABCD-EF1234567890}.Release|Any CPU.ActiveCfg = Release|Any CPU
		{A1B2C3D4-E5F6-7890-ABCD-EF1234567890}.Release|Any CPU.Build.0 = Release|Any CPU
		{A1B2C3D4-E5F6-7890-ABCD-EF1234567890}.Release|x64.ActiveCfg = Release|Any CPU
		{A1B2C3D4-E5F6-7890-ABCD-EF1234567890}.Release|x64.Build.0 = Release|Any CPU
		{A1B2C3D4-E5F6-7890-ABCD-EF1234567890}.Release|x86.ActiveCfg = Release|Any CPU
		{A1B2C3D4-E5F6-7890-ABCD-EF1234567890}.Release|x86.Build.0 = Release|Any CPU
		{86B7A350-A758-4E1A-A9E4-1D5ADC8323B3}.Debug|Any CPU.ActiveCfg = Debug|Any CPU
		{86B7A350-A758-4E1A-A9E4-1D5ADC8323B3}.Debug|Any CPU.Build.0 = Debug|Any CPU
		{86B7A350-A758-4E1A-A9E4-1D5ADC8323B3}.Debug|x64.ActiveCfg = Debug|Any CPU
		{86B7A350-A758-4E1A-A9E4-1D5ADC8323B3}.Debug|x64.Build.0 = Debug|Any CPU
		{86B7A350-A758-4E1A-A9E4-1D5ADC8323B3}.Debug|x86.ActiveCfg = Debug|Any CPU
		{86B7A350-A758-4E1A-A9E4-1D5ADC8323B3}.Debug|x86.Build.0 = Debug|Any CPU
		{86B7A350-A758-4E1A-A9E4-1D5ADC8323B3}.Release|Any CPU.ActiveCfg = Release|Any CPU
		{86B7A350-A758-4E1A-A9E4-1D5ADC8323B3}.Release|Any CPU.Build.0 = Release|Any CPU
		{86B7A350-A758-4E1A-A9E4-1D5ADC8323B3}.Release|x64.ActiveCfg = Release|Any CPU
		{86B7A350-A758-4E1A-A9E4-1D5ADC8323B3}.Release|x64.Build.0 = Release|Any CPU
		{86B7A350-A758-4E1A-A9E4-1D5ADC8323B3}.Release|x86.ActiveCfg = Release|Any CPU
		{86B7A350-A758-4E1A-A9E4-1D5ADC8323B3}.Release|x86.Build.0 = Release|Any CPU
		{BF336877-E071-491A-82F5-6C98B4AFC047}.Debug|Any CPU.ActiveCfg = Debug|Any CPU
		{BF336877-E071-491A-82F5-6C98B4AFC047}.Debug|Any CPU.Build.0 = Debug|Any CPU
		{BF336877-E071-491A-82F5-6C98B4AFC047}.Debug|x64.ActiveCfg = Debug|Any CPU
		{BF336877-E071-491A-82F5-6C98B4AFC047}.Debug|x64.Build.0 = Debug|Any CPU
		{BF336877-E071-491A-82F5-6C98B4AFC047}.Debug|x86.ActiveCfg = Debug|Any CPU
		{BF336877-E071-491A-82F5-6C98B4AFC047}.Debug|x86.Build.0 = Debug|Any CPU
		{BF336877-E071-491A-82F5-6C98B4AFC047}.Release|Any CPU.ActiveCfg = Release|Any CPU
		{BF336877-E071-491A-82F5-6C98B4AFC047}.Release|Any CPU.Build.0 = Release|Any CPU
		{BF336877-E071-491A-82F5-6C98B4AFC047}.Release|x64.ActiveCfg = Release|Any CPU
		{BF336877-E071-491A-82F5-6C98B4AFC047}.Release|x64.Build.0 = Release|Any CPU
		{BF336877-E071-491A-82F5-6C98B4AFC047}.Release|x86.ActiveCfg = Release|Any CPU
		{BF336877-E071-491A-82F5-6C98B4AFC047}.Release|x86.Build.0 = Release|Any CPU
		{4DAD4445-CB2C-45E1-BC5D-A14E5E79351B}.Debug|Any CPU.ActiveCfg = Debug|Any CPU
		{4DAD4445-CB2C-45E1-BC5D-A14E5E79351B}.Debug|Any CPU.Build.0 = Debug|Any CPU
		{4DAD4445-CB2C-45E1-BC5D-A14E5E79351B}.Debug|x64.ActiveCfg = Debug|Any CPU
		{4DAD4445-CB2C-45E1-BC5D-A14E5E79351B}.Debug|x64.Build.0 = Debug|Any CPU
		{4DAD4445-CB2C-45E1-BC5D-A14E5E79351B}.Debug|x86.ActiveCfg = Debug|Any CPU
		{4DAD4445-CB2C-45E1-BC5D-A14E5E79351B}.Debug|x86.Build.0 = Debug|Any CPU
		{4DAD4445-CB2C-45E1-BC5D-A14E5E79351B}.Release|Any CPU.ActiveCfg = Release|Any CPU
		{4DAD4445-CB2C-45E1-BC5D-A14E5E79351B}.Release|Any CPU.Build.0 = Release|Any CPU
		{4DAD4445-CB2C-45E1-BC5D-A14E5E79351B}.Release|x64.ActiveCfg = Release|Any CPU
		{4DAD4445-CB2C-45E1-BC5D-A14E5E79351B}.Release|x64.Build.0 = Release|Any CPU
		{4DAD4445-CB2C-45E1-BC5D-A14E5E79351B}.Release|x86.ActiveCfg = Release|Any CPU
		{4DAD4445-CB2C-45E1-BC5D-A14E5E79351B}.Release|x86.Build.0 = Release|Any CPU
		{CD44B681-0C3C-4E7C-BFD0-9E403149BE51}.Debug|Any CPU.ActiveCfg = Debug|Any CPU
		{CD44B681-0C3C-4E7C-BFD0-9E403149BE51}.Debug|Any CPU.Build.0 = Debug|Any CPU
		{CD44B681-0C3C-4E7C-BFD0-9E403149BE51}.Debug|x64.ActiveCfg = Debug|Any CPU
		{CD44B681-0C3C-4E7C-BFD0-9E403149BE51}.Debug|x64.Build.0 = Debug|Any CPU
		{CD44B681-0C3C-4E7C-BFD0-9E403149BE51}.Debug|x86.ActiveCfg = Debug|Any CPU
		{CD44B681-0C3C-4E7C-BFD0-9E403149BE51}.Debug|x86.Build.0 = Debug|Any CPU
		{CD44B681-0C3C-4E7C-BFD0-9E403149BE51}.Release|Any CPU.ActiveCfg = Release|Any CPU
		{CD44B681-0C3C-4E7C-BFD0-9E403149BE51}.Release|Any CPU.Build.0 = Release|Any CPU
		{CD44B681-0C3C-4E7C-BFD0-9E403149BE51}.Release|x64.ActiveCfg = Release|Any CPU
		{CD44B681-0C3C-4E7C-BFD0-9E403149BE51}.Release|x64.Build.0 = Release|Any CPU
		{CD44B681-0C3C-4E7C-BFD0-9E403149BE51}.Release|x86.ActiveCfg = Release|Any CPU
		{CD44B681-0C3C-4E7C-BFD0-9E403149BE51}.Release|x86.Build.0 = Release|Any CPU
		{CF886210-5FCC-4FEE-8364-97EC287FD851}.Debug|Any CPU.ActiveCfg = Debug|Any CPU
		{CF886210-5FCC-4FEE-8364-97EC287FD851}.Debug|Any CPU.Build.0 = Debug|Any CPU
		{CF886210-5FCC-4FEE-8364-97EC287FD851}.Debug|x64.ActiveCfg = Debug|Any CPU
		{CF886210-5FCC-4FEE-8364-97EC287FD851}.Debug|x64.Build.0 = Debug|Any CPU
		{CF886210-5FCC-4FEE-8364-97EC287FD851}.Debug|x86.ActiveCfg = Debug|Any CPU
		{CF886210-5FCC-4FEE-8364-97EC287FD851}.Debug|x86.Build.0 = Debug|Any CPU
		{CF886210-5FCC-4FEE-8364-97EC287FD851}.Release|Any CPU.ActiveCfg = Release|Any CPU
		{CF886210-5FCC-4FEE-8364-97EC287FD851}.Release|Any CPU.Build.0 = Release|Any CPU
		{CF886210-5FCC-4FEE-8364-97EC287FD851}.Release|x64.ActiveCfg = Release|Any CPU
		{CF886210-5FCC-4FEE-8364-97EC287FD851}.Release|x64.Build.0 = Release|Any CPU
		{CF886210-5FCC-4FEE-8364-97EC287FD851}.Release|x86.ActiveCfg = Release|Any CPU
		{CF886210-5FCC-4FEE-8364-97EC287FD851}.Release|x86.Build.0 = Release|Any CPU
		{6F4E5B98-0176-4629-A54D-14EA1EE0CD1B}.Debug|Any CPU.ActiveCfg = Debug|Any CPU
		{6F4E5B98-0176-4629-A54D-14EA1EE0CD1B}.Debug|Any CPU.Build.0 = Debug|Any CPU
		{6F4E5B98-0176-4629-A54D-14EA1EE0CD1B}.Debug|x64.ActiveCfg = Debug|Any CPU
		{6F4E5B98-0176-4629-A54D-14EA1EE0CD1B}.Debug|x64.Build.0 = Debug|Any CPU
		{6F4E5B98-0176-4629-A54D-14EA1EE0CD1B}.Debug|x86.ActiveCfg = Debug|Any CPU
		{6F4E5B98-0176-4629-A54D-14EA1EE0CD1B}.Debug|x86.Build.0 = Debug|Any CPU
		{6F4E5B98-0176-4629-A54D-14EA1EE0CD1B}.Release|Any CPU.ActiveCfg = Release|Any CPU
		{6F4E5B98-0176-4629-A54D-14EA1EE0CD1B}.Release|Any CPU.Build.0 = Release|Any CPU
		{6F4E5B98-0176-4629-A54D-14EA1EE0CD1B}.Release|x64.ActiveCfg = Release|Any CPU
		{6F4E5B98-0176-4629-A54D-14EA1EE0CD1B}.Release|x64.Build.0 = Release|Any CPU
		{6F4E5B98-0176-4629-A54D-14EA1EE0CD1B}.Release|x86.ActiveCfg = Release|Any CPU
		{6F4E5B98-0176-4629-A54D-14EA1EE0CD1B}.Release|x86.Build.0 = Release|Any CPU
		{8384B09F-C502-4AD3-8F3F-E960E0902D4E}.Debug|Any CPU.ActiveCfg = Debug|Any CPU
		{8384B09F-C502-4AD3-8F3F-E960E0902D4E}.Debug|Any CPU.Build.0 = Debug|Any CPU
		{8384B09F-C502-4AD3-8F3F-E960E0902D4E}.Debug|x64.ActiveCfg = Debug|Any CPU
		{8384B09F-C502-4AD3-8F3F-E960E0902D4E}.Debug|x64.Build.0 = Debug|Any CPU
		{8384B09F-C502-4AD3-8F3F-E960E0902D4E}.Debug|x86.ActiveCfg = Debug|Any CPU
		{8384B09F-C502-4AD3-8F3F-E960E0902D4E}.Debug|x86.Build.0 = Debug|Any CPU
		{8384B09F-C502-4AD3-8F3F-E960E0902D4E}.Release|Any CPU.ActiveCfg = Release|Any CPU
		{8384B09F-C502-4AD3-8F3F-E960E0902D4E}.Release|Any CPU.Build.0 = Release|Any CPU
		{8384B09F-C502-4AD3-8F3F-E960E0902D4E}.Release|x64.ActiveCfg = Release|Any CPU
		{8384B09F-C502-4AD3-8F3F-E960E0902D4E}.Release|x64.Build.0 = Release|Any CPU
		{8384B09F-C502-4AD3-8F3F-E960E0902D4E}.Release|x86.ActiveCfg = Release|Any CPU
		{8384B09F-C502-4AD3-8F3F-E960E0902D4E}.Release|x86.Build.0 = Release|Any CPU
	EndGlobalSection
	GlobalSection(SolutionProperties) = preSolution
		HideSolutionNode = FALSE
	EndGlobalSection
	GlobalSection(NestedProjects) = preSolution
		{2F0A8828-8A57-473B-A1D4-51111B70D8A0} = {B4B0C034-CC92-44D7-9D0E-CA7583C7970F}
		{A1B2C3D4-E5F6-7890-ABCD-EF1234567890} = {B4B0C034-CC92-44D7-9D0E-CA7583C7970F}
		{86B7A350-A758-4E1A-A9E4-1D5ADC8323B3} = {B4B0C034-CC92-44D7-9D0E-CA7583C7970F}
	EndGlobalSection
	GlobalSection(ExtensibilityGlobals) = postSolution
		SolutionGuid = {E80598A0-3596-4CD2-9116-D7729041229E}
	EndGlobalSection
EndGlobal
