
Microsoft Visual Studio Solution File, Format Version 12.00
# Visual Studio Version 17
VisualStudioVersion = 17.14.36623.8
MinimumVisualStudioVersion = 10.0.40219.1
Project("{FAE04EC0-301F-11D3-BF4B-00C04F79EFBC}") = "PlatformA.Library", "PlatformA.Library\PlatformA.Library.csproj", "{8BFB99A5-F117-4807-8B10-A39A85445798}"
EndProject
Project("{FAE04EC0-301F-11D3-BF4B-00C04F79EFBC}") = "PlatformA.Auth.API", "PlatformA.Auth.API\PlatformA.Auth.API.csproj", "{95E67214-94CE-4943-8947-3E1F2DF001E5}"
EndProject
Project("{FAE04EC0-301F-11D3-BF4B-00C04F79EFBC}") = "PlatformA.Utils.API", "PlatformA.Utils.API\PlatformA.Utils.API.csproj", "{4F15A987-BAA3-4235-ACB3-091930BFFF82}"
EndProject
Project("{FAE04EC0-301F-11D3-BF4B-00C04F79EFBC}") = "PlatformA.MatchingEngine", "PlatformA.MatchingEngine\PlatformA.MatchingEngine.csproj", "{D6BA22BF-7AE4-4B1F-AC19-83E211A54BD7}"
EndProject
Project("{FAE04EC0-301F-11D3-BF4B-00C04F79EFBC}") = "PlatformA.Matching.API", "PlatformA.Matching.API\PlatformA.Matching.API.csproj", "{A4BE0ED6-27AF-466F-967C-F71954358293}"
EndProject
Project("{FAE04EC0-301F-11D3-BF4B-00C04F79EFBC}") = "PlatformA.Ticketing.API", "PlatformA.Ticketing.API\PlatformA.Ticketing.API.csproj", "{910625FB-C912-4F89-872D-524C732DA36F}"
EndProject
Project("{FAE04EC0-301F-11D3-BF4B-00C04F79EFBC}") = "PlatformA.Ticketing.Test", "PlatformA.Ticketing.Test\PlatformA.Ticketing.Test.csproj", "{C38ACFCF-A4EE-4877-A237-F61A077B7B35}"
EndProject
Project("{FAE04EC0-301F-11D3-BF4B-00C04F79EFBC}") = "PlatformA.Game.Server", "PlatformA.Game.Server\PlatformA.Game.Server.csproj", "{2BAC2F74-DF10-4206-85BB-39927CE711B1}"
EndProject
Project("{FAE04EC0-301F-11D3-BF4B-00C04F79EFBC}") = "PlatformA.Game.DummyClient", "PlatformA.Game.DummyClient\PlatformA.Game.DummyClient.csproj", "{B83F9CFE-DB8E-40AD-9DB5-15ADA1E42561}"
EndProject
Global
	GlobalSection(SolutionConfigurationPlatforms) = preSolution
		Debug|Any CPU = Debug|Any CPU
		Release|Any CPU = Release|Any CPU
	EndGlobalSection
	GlobalSection(ProjectConfigurationPlatforms) = postSolution
		{8BFB99A5-F117-4807-8B10-A39A85445798}.Debug|Any CPU.ActiveCfg = Debug|Any CPU
		{8BFB99A5-F117-4807-8B10-A39A85445798}.Debug|Any CPU.Build.0 = Debug|Any CPU
		{8BFB99A5-F117-4807-8B10-A39A85445798}.Release|Any CPU.ActiveCfg = Release|Any CPU
		{8BFB99A5-F117-4807-8B10-A39A85445798}.Release|Any CPU.Build.0 = Release|Any CPU
		{95E67214-94CE-4943-8947-3E1F2DF001E5}.Debug|Any CPU.ActiveCfg = Debug|Any CPU
		{95E67214-94CE-4943-8947-3E1F2DF001E5}.Debug|Any CPU.Build.0 = Debug|Any CPU
		{95E67214-94CE-4943-8947-3E1F2DF001E5}.Release|Any CPU.ActiveCfg = Release|Any CPU
		{95E67214-94CE-4943-8947-3E1F2DF001E5}.Release|Any CPU.Build.0 = Release|Any CPU
		{4F15A987-BAA3-4235-ACB3-091930BFFF82}.Debug|Any CPU.ActiveCfg = Debug|Any CPU
		{4F15A987-BAA3-4235-ACB3-091930BFFF82}.Debug|Any CPU.Build.0 = Debug|Any CPU
		{4F15A987-BAA3-4235-ACB3-091930BFFF82}.Release|Any CPU.ActiveCfg = Release|Any CPU
		{4F15A987-BAA3-4235-ACB3-091930BFFF82}.Release|Any CPU.Build.0 = Release|Any CPU
		{D6BA22BF-7AE4-4B1F-AC19-83E211A54BD7}.Debug|Any CPU.ActiveCfg = Debug|Any CPU
		{D6BA22BF-7AE4-4B1F-AC19-83E211A54BD7}.Debug|Any CPU.Build.0 = Debug|Any CPU
		{D6BA22BF-7AE4-4B1F-AC19-83E211A54BD7}.Release|Any CPU.ActiveCfg = Release|Any CPU
		{D6BA22BF-7AE4-4B1F-AC19-83E211A54BD7}.Release|Any CPU.Build.0 = Release|Any CPU
		{A4BE0ED6-27AF-466F-967C-F71954358293}.Debug|Any CPU.ActiveCfg = Debug|Any CPU
		{A4BE0ED6-27AF-466F-967C-F71954358293}.Debug|Any CPU.Build.0 = Debug|Any CPU
		{A4BE0ED6-27AF-466F-967C-F71954358293}.Release|Any CPU.ActiveCfg = Release|Any CPU
		{A4BE0ED6-27AF-466F-967C-F71954358293}.Release|Any CPU.Build.0 = Release|Any CPU
		{910625FB-C912-4F89-872D-524C732DA36F}.Debug|Any CPU.ActiveCfg = Debug|Any CPU
		{910625FB-C912-4F89-872D-524C732DA36F}.Debug|Any CPU.Build.0 = Debug|Any CPU
		{910625FB-C912-4F89-872D-524C732DA36F}.Release|Any CPU.ActiveCfg = Release|Any CPU
		{910625FB-C912-4F89-872D-524C732DA36F}.Release|Any CPU.Build.0 = Release|Any CPU
		{C38ACFCF-A4EE-4877-A237-F61A077B7B35}.Debug|Any CPU.ActiveCfg = Debug|Any CPU
		{C38ACFCF-A4EE-4877-A237-F61A077B7B35}.Debug|Any CPU.Build.0 = Debug|Any CPU
		{C38ACFCF-A4EE-4877-A237-F61A077B7B35}.Release|Any CPU.ActiveCfg = Release|Any CPU
		{C38ACFCF-A4EE-4877-A237-F61A077B7B35}.Release|Any CPU.Build.0 = Release|Any CPU
		{2BAC2F74-DF10-4206-85BB-39927CE711B1}.Debug|Any CPU.ActiveCfg = Debug|Any CPU
		{2BAC2F74-DF10-4206-85BB-39927CE711B1}.Debug|Any CPU.Build.0 = Debug|Any CPU
		{2BAC2F74-DF10-4206-85BB-39927CE711B1}.Release|Any CPU.ActiveCfg = Release|Any CPU
		{2BAC2F74-DF10-4206-85BB-39927CE711B1}.Release|Any CPU.Build.0 = Release|Any CPU
		{B83F9CFE-DB8E-40AD-9DB5-15ADA1E42561}.Debug|Any CPU.ActiveCfg = Debug|Any CPU
		{B83F9CFE-DB8E-40AD-9DB5-15ADA1E42561}.Debug|Any CPU.Build.0 = Debug|Any CPU
		{B83F9CFE-DB8E-40AD-9DB5-15ADA1E42561}.Release|Any CPU.ActiveCfg = Release|Any CPU
		{B83F9CFE-DB8E-40AD-9DB5-15ADA1E42561}.Release|Any CPU.Build.0 = Release|Any CPU
	EndGlobalSection
	GlobalSection(SolutionProperties) = preSolution
		HideSolutionNode = FALSE
	EndGlobalSection
	GlobalSection(ExtensibilityGlobals) = postSolution
		SolutionGuid = {E80598A0-3596-4CD2-9116-D7729041229E}
	EndGlobalSection
EndGlobal
